
Microsoft Visual Studio Solution File, Format Version 12.00
# Visual Studio 14
VisualStudioVersion = 14.0.25420.1
MinimumVisualStudioVersion = 10.0.40219.1
Project("{FAE04EC0-301F-11D3-BF4B-00C04F79EFBC}") = "RunQueries", "RunQueries\RunQueries.csproj", "{20E4E135-8947-4200-80B3-0A98946ABEAB}"
EndProject
Global
	GlobalSection(SolutionConfigurationPlatforms) = preSolution
		Debug|Any CPU = Debug|Any CPU
		Release|Any CPU = Release|Any CPU
	EndGlobalSection
	GlobalSection(ProjectConfigurationPlatforms) = postSolution
		{20E4E135-8947-4200-80B3-0A98946ABEAB}.Debug|Any CPU.ActiveCfg = Debug|Any CPU
		{20E4E135-8947-4200-80B3-0A98946ABEAB}.Debug|Any CPU.Build.0 = Debug|Any CPU
		{20E4E135-8947-4200-80B3-0A98946ABEAB}.Release|Any CPU.ActiveCfg = Release|Any CPU
		{20E4E135-8947-4200-80B3-0A98946ABEAB}.Release|Any CPU.Build.0 = Release|Any CPU
	EndGlobalSection
	GlobalSection(SolutionProperties) = preSolution
		HideSolutionNode = FALSE
	EndGlobalSection
EndGlobal
